{
  "name": "test",
  "lockfileVersion": 2,
  "requires": true,
  "packages": {
    "": {
      "dependencies": {
        "php-parser": "^3.1.5"
      }
    },
    "node_modules/php-parser": {
      "version": "3.1.5",
      "resolved": "https://registry.npmjs.org/php-parser/-/php-parser-3.1.5.tgz",
      "integrity": "sha512-jEY2DcbgCm5aclzBdfW86GM6VEIWcSlhTBSHN1qhJguVePlYe28GhwS0yoeLYXpM2K8y6wzLwrbq814n2PHSoQ=="
    }
  },
  "dependencies": {
    "php-parser": {
      "version": "3.1.5",
      "resolved": "https://registry.npmjs.org/php-parser/-/php-parser-3.1.5.tgz",
      "integrity": "sha512-jEY2DcbgCm5aclzBdfW86GM6VEIWcSlhTBSHN1qhJguVePlYe28GhwS0yoeLYXpM2K8y6wzLwrbq814n2PHSoQ=="
    }
  }
}
